{
  "version": 4,
  "terraform_version": "1.3.6",
  "serial": 24,
  "lineage": "14b06b7a-de87-af53-025a-98d6b5c6fde6",
  "outputs": {},
  "resources": [
    {
      "mode": "managed",
      "type": "azurerm_application_gateway",
      "name": "network",
      "provider": "provider[\"registry.terraform.io/hashicorp/azurerm\"]",
      "instances": [
        {
          "schema_version": 0,
          "attributes": {
            "authentication_certificate": [],
            "autoscale_configuration": [
              {
                "max_capacity": 10,
                "min_capacity": 0
              }
            ],
            "backend_address_pool": [
              {
                "fqdns": [],
                "id": "/subscriptions/e5609048-0982-48ec-ba90-1372beb02d39/resourceGroups/rg2/providers/Microsoft.Network/applicationGateways/example-appgateway/backendAddressPools/example-network-beap",
                "ip_addresses": [],
                "name": "example-network-beap"
              }
            ],
            "backend_http_settings": [
              {
                "affinity_cookie_name": "",
                "authentication_certificate": [],
                "connection_draining": [],
                "cookie_based_affinity": "Disabled",
                "host_name": "",
                "id": "/subscriptions/e5609048-0982-48ec-ba90-1372beb02d39/resourceGroups/rg2/providers/Microsoft.Network/applicationGateways/example-appgateway/backendHttpSettingsCollection/example-network-be-htst",
                "name": "example-network-be-htst",
                "path": "/path1/",
                "pick_host_name_from_backend_address": false,
                "port": 80,
                "probe_id": "",
                "probe_name": "",
                "protocol": "Http",
                "request_timeout": 60,
                "trusted_root_certificate_names": []
              }
            ],
            "custom_error_configuration": [],
            "enable_http2": false,
            "fips_enabled": false,
            "firewall_policy_id": "",
            "force_firewall_policy_association": false,
            "frontend_ip_configuration": [
              {
                "id": "/subscriptions/e5609048-0982-48ec-ba90-1372beb02d39/resourceGroups/rg2/providers/Microsoft.Network/applicationGateways/example-appgateway/frontendIPConfigurations/example-network-feip",
                "name": "example-network-feip",
                "private_ip_address": "",
                "private_ip_address_allocation": "Dynamic",
                "private_link_configuration_id": "",
                "private_link_configuration_name": "",
                "public_ip_address_id": "/subscriptions/e5609048-0982-48ec-ba90-1372beb02d39/resourceGroups/rg2/providers/Microsoft.Network/publicIPAddresses/example-pip",
                "subnet_id": ""
              }
            ],
            "frontend_port": [
              {
                "id": "/subscriptions/e5609048-0982-48ec-ba90-1372beb02d39/resourceGroups/rg2/providers/Microsoft.Network/applicationGateways/example-appgateway/frontendPorts/example-network-feport",
                "name": "example-network-feport",
                "port": 80
              },
              {
                "id": "/subscriptions/e5609048-0982-48ec-ba90-1372beb02d39/resourceGroups/rg2/providers/Microsoft.Network/applicationGateways/example-appgateway/frontendPorts/https-port",
                "name": "https-port",
                "port": 443
              }
            ],
            "gateway_ip_configuration": [
              {
                "id": "/subscriptions/e5609048-0982-48ec-ba90-1372beb02d39/resourceGroups/rg2/providers/Microsoft.Network/applicationGateways/example-appgateway/gatewayIPConfigurations/my-gateway-ip-configuration",
                "name": "my-gateway-ip-configuration",
                "subnet_id": "/subscriptions/e5609048-0982-48ec-ba90-1372beb02d39/resourceGroups/rg2/providers/Microsoft.Network/virtualNetworks/example-network/subnets/frontend"
              }
            ],
            "global": [],
            "http_listener": [
              {
                "custom_error_configuration": [],
                "firewall_policy_id": "",
                "frontend_ip_configuration_id": "/subscriptions/e5609048-0982-48ec-ba90-1372beb02d39/resourceGroups/rg2/providers/Microsoft.Network/applicationGateways/example-appgateway/frontendIPConfigurations/example-network-feip",
                "frontend_ip_configuration_name": "example-network-feip",
                "frontend_port_id": "/subscriptions/e5609048-0982-48ec-ba90-1372beb02d39/resourceGroups/rg2/providers/Microsoft.Network/applicationGateways/example-appgateway/frontendPorts/example-network-feport",
                "frontend_port_name": "example-network-feport",
                "host_name": "",
                "host_names": [],
                "id": "/subscriptions/e5609048-0982-48ec-ba90-1372beb02d39/resourceGroups/rg2/providers/Microsoft.Network/applicationGateways/example-appgateway/httpListeners/example-network-httplstn",
                "name": "example-network-httplstn",
                "protocol": "Http",
                "require_sni": false,
                "ssl_certificate_id": "",
                "ssl_certificate_name": "",
                "ssl_profile_id": "",
                "ssl_profile_name": ""
              }
            ],
            "id": "/subscriptions/e5609048-0982-48ec-ba90-1372beb02d39/resourceGroups/rg2/providers/Microsoft.Network/applicationGateways/example-appgateway",
            "identity": [],
            "location": "eastus",
            "name": "example-appgateway",
            "private_endpoint_connection": [],
            "private_link_configuration": [],
            "probe": [],
            "redirect_configuration": [],
            "request_routing_rule": [
              {
                "backend_address_pool_id": "/subscriptions/e5609048-0982-48ec-ba90-1372beb02d39/resourceGroups/rg2/providers/Microsoft.Network/applicationGateways/example-appgateway/backendAddressPools/example-network-beap",
                "backend_address_pool_name": "example-network-beap",
                "backend_http_settings_id": "/subscriptions/e5609048-0982-48ec-ba90-1372beb02d39/resourceGroups/rg2/providers/Microsoft.Network/applicationGateways/example-appgateway/backendHttpSettingsCollection/example-network-be-htst",
                "backend_http_settings_name": "example-network-be-htst",
                "http_listener_id": "/subscriptions/e5609048-0982-48ec-ba90-1372beb02d39/resourceGroups/rg2/providers/Microsoft.Network/applicationGateways/example-appgateway/httpListeners/example-network-httplstn",
                "http_listener_name": "example-network-httplstn",
                "id": "/subscriptions/e5609048-0982-48ec-ba90-1372beb02d39/resourceGroups/rg2/providers/Microsoft.Network/applicationGateways/example-appgateway/requestRoutingRules/example-network-rqrt",
                "name": "example-network-rqrt",
                "priority": 9,
                "redirect_configuration_id": "",
                "redirect_configuration_name": "",
                "rewrite_rule_set_id": "",
                "rewrite_rule_set_name": "",
                "rule_type": "Basic",
                "url_path_map_id": "",
                "url_path_map_name": ""
              }
            ],
            "resource_group_name": "rg2",
            "rewrite_rule_set": [],
            "sku": [
              {
                "capacity": 0,
                "name": "Standard_v2",
                "tier": "Standard_v2"
              }
            ],
            "ssl_certificate": [],
            "ssl_policy": [
              {
                "cipher_suites": [],
                "disabled_protocols": [],
                "min_protocol_version": "",
                "policy_name": "AppGwSslPolicy20150501",
                "policy_type": "Predefined"
              }
            ],
            "ssl_profile": [],
            "tags": {},
            "timeouts": null,
            "trusted_client_certificate": [],
            "trusted_root_certificate": [],
            "url_path_map": [],
            "waf_configuration": [],
            "zones": []
          },
          "sensitive_attributes": [],
          "private": "eyJlMmJmYjczMC1lY2FhLTExZTYtOGY4OC0zNDM2M2JjN2M0YzAiOnsiY3JlYXRlIjo1NDAwMDAwMDAwMDAwLCJkZWxldGUiOjU0MDAwMDAwMDAwMDAsInJlYWQiOjMwMDAwMDAwMDAwMCwidXBkYXRlIjo1NDAwMDAwMDAwMDAwfX0=",
          "dependencies": [
            "azurerm_public_ip.example",
            "azurerm_resource_group.rg1",
            "azurerm_subnet.frontend",
            "azurerm_virtual_network.example"
          ]
        }
      ]
    },
    {
      "mode": "managed",
      "type": "azurerm_public_ip",
      "name": "example",
      "provider": "provider[\"registry.terraform.io/hashicorp/azurerm\"]",
      "instances": [
        {
          "schema_version": 0,
          "attributes": {
            "allocation_method": "Static",
            "ddos_protection_mode": "VirtualNetworkInherited",
            "ddos_protection_plan_id": null,
            "domain_name_label": "prashanthitrfmagr1234",
            "edge_zone": "",
            "fqdn": "prashanthitrfmagr1234.eastus.cloudapp.azure.com",
            "id": "/subscriptions/e5609048-0982-48ec-ba90-1372beb02d39/resourceGroups/rg2/providers/Microsoft.Network/publicIPAddresses/example-pip",
            "idle_timeout_in_minutes": 4,
            "ip_address": "20.228.171.24",
            "ip_tags": {},
            "ip_version": "IPv4",
            "location": "eastus",
            "name": "example-pip",
            "public_ip_prefix_id": null,
            "resource_group_name": "rg2",
            "reverse_fqdn": "",
            "sku": "Standard",
            "sku_tier": "Regional",
            "tags": {},
            "timeouts": null,
            "zones": []
          },
          "sensitive_attributes": [],
          "private": "eyJlMmJmYjczMC1lY2FhLTExZTYtOGY4OC0zNDM2M2JjN2M0YzAiOnsiY3JlYXRlIjoxODAwMDAwMDAwMDAwLCJkZWxldGUiOjE4MDAwMDAwMDAwMDAsInJlYWQiOjMwMDAwMDAwMDAwMCwidXBkYXRlIjoxODAwMDAwMDAwMDAwfX0=",
          "dependencies": [
            "azurerm_resource_group.rg1"
          ]
        }
      ]
    },
    {
      "mode": "managed",
      "type": "azurerm_resource_group",
      "name": "rg1",
      "provider": "provider[\"registry.terraform.io/hashicorp/azurerm\"]",
      "instances": [
        {
          "schema_version": 0,
          "attributes": {
            "id": "/subscriptions/e5609048-0982-48ec-ba90-1372beb02d39/resourceGroups/rg2",
            "location": "eastus",
            "managed_by": "",
            "name": "rg2",
            "tags": {},
            "timeouts": null
          },
          "sensitive_attributes": [],
          "private": "eyJlMmJmYjczMC1lY2FhLTExZTYtOGY4OC0zNDM2M2JjN2M0YzAiOnsiY3JlYXRlIjo1NDAwMDAwMDAwMDAwLCJkZWxldGUiOjU0MDAwMDAwMDAwMDAsInJlYWQiOjMwMDAwMDAwMDAwMCwidXBkYXRlIjo1NDAwMDAwMDAwMDAwfX0="
        }
      ]
    },
    {
      "mode": "managed",
      "type": "azurerm_subnet",
      "name": "backend",
      "provider": "provider[\"registry.terraform.io/hashicorp/azurerm\"]",
      "instances": [
        {
          "schema_version": 0,
          "attributes": {
            "address_prefixes": [
              "10.254.1.0/24"
            ],
            "delegation": [],
            "enforce_private_link_endpoint_network_policies": false,
            "enforce_private_link_service_network_policies": false,
            "id": "/subscriptions/e5609048-0982-48ec-ba90-1372beb02d39/resourceGroups/rg2/providers/Microsoft.Network/virtualNetworks/example-network/subnets/backend",
            "name": "backend",
            "private_endpoint_network_policies_enabled": true,
            "private_link_service_network_policies_enabled": true,
            "resource_group_name": "rg2",
            "service_endpoint_policy_ids": [],
            "service_endpoints": [],
            "timeouts": null,
            "virtual_network_name": "example-network"
          },
          "sensitive_attributes": [],
          "private": "eyJlMmJmYjczMC1lY2FhLTExZTYtOGY4OC0zNDM2M2JjN2M0YzAiOnsiY3JlYXRlIjoxODAwMDAwMDAwMDAwLCJkZWxldGUiOjE4MDAwMDAwMDAwMDAsInJlYWQiOjMwMDAwMDAwMDAwMCwidXBkYXRlIjoxODAwMDAwMDAwMDAwfX0=",
          "dependencies": [
            "azurerm_resource_group.rg1",
            "azurerm_virtual_network.example"
          ]
        }
      ]
    },
    {
      "mode": "managed",
      "type": "azurerm_subnet",
      "name": "frontend",
      "provider": "provider[\"registry.terraform.io/hashicorp/azurerm\"]",
      "instances": [
        {
          "schema_version": 0,
          "attributes": {
            "address_prefixes": [
              "10.254.0.0/24"
            ],
            "delegation": [],
            "enforce_private_link_endpoint_network_policies": false,
            "enforce_private_link_service_network_policies": false,
            "id": "/subscriptions/e5609048-0982-48ec-ba90-1372beb02d39/resourceGroups/rg2/providers/Microsoft.Network/virtualNetworks/example-network/subnets/frontend",
            "name": "frontend",
            "private_endpoint_network_policies_enabled": true,
            "private_link_service_network_policies_enabled": true,
            "resource_group_name": "rg2",
            "service_endpoint_policy_ids": [],
            "service_endpoints": [],
            "timeouts": null,
            "virtual_network_name": "example-network"
          },
          "sensitive_attributes": [],
          "private": "eyJlMmJmYjczMC1lY2FhLTExZTYtOGY4OC0zNDM2M2JjN2M0YzAiOnsiY3JlYXRlIjoxODAwMDAwMDAwMDAwLCJkZWxldGUiOjE4MDAwMDAwMDAwMDAsInJlYWQiOjMwMDAwMDAwMDAwMCwidXBkYXRlIjoxODAwMDAwMDAwMDAwfX0=",
          "dependencies": [
            "azurerm_resource_group.rg1",
            "azurerm_virtual_network.example"
          ]
        }
      ]
    },
    {
      "mode": "managed",
      "type": "azurerm_traffic_manager_azure_endpoint",
      "name": "example",
      "provider": "provider[\"registry.terraform.io/hashicorp/azurerm\"]",
      "instances": [
        {
          "schema_version": 0,
          "attributes": {
            "custom_header": [],
            "enabled": true,
            "geo_mappings": null,
            "id": "/subscriptions/e5609048-0982-48ec-ba90-1372beb02d39/resourceGroups/rg2/providers/Microsoft.Network/trafficManagerProfiles/trafficmanager-profile/AzureEndpoints/example-endpoint",
            "name": "example-endpoint",
            "priority": 1,
            "profile_id": "/subscriptions/e5609048-0982-48ec-ba90-1372beb02d39/resourceGroups/rg2/providers/Microsoft.Network/trafficManagerProfiles/trafficmanager-profile",
            "subnet": [],
            "target_resource_id": "/subscriptions/e5609048-0982-48ec-ba90-1372beb02d39/resourceGroups/rg2/providers/Microsoft.Network/publicIPAddresses/example-pip",
            "timeouts": null,
            "weight": 100
          },
          "sensitive_attributes": [],
          "private": "eyJlMmJmYjczMC1lY2FhLTExZTYtOGY4OC0zNDM2M2JjN2M0YzAiOnsiY3JlYXRlIjoxODAwMDAwMDAwMDAwLCJkZWxldGUiOjE4MDAwMDAwMDAwMDAsInJlYWQiOjMwMDAwMDAwMDAwMCwidXBkYXRlIjoxODAwMDAwMDAwMDAwfX0=",
          "dependencies": [
            "azurerm_public_ip.example",
            "azurerm_resource_group.rg1",
            "azurerm_traffic_manager_profile.example"
          ]
        }
      ]
    },
    {
      "mode": "managed",
      "type": "azurerm_traffic_manager_profile",
      "name": "example",
      "provider": "provider[\"registry.terraform.io/hashicorp/azurerm\"]",
      "instances": [
        {
          "schema_version": 0,
          "attributes": {
            "dns_config": [
              {
                "relative_name": "prashanthi-profile",
                "ttl": 100
              }
            ],
            "fqdn": "prashanthi-profile.trafficmanager.net",
            "id": "/subscriptions/e5609048-0982-48ec-ba90-1372beb02d39/resourceGroups/rg2/providers/Microsoft.Network/trafficManagerProfiles/trafficmanager-profile",
            "max_return": 0,
            "monitor_config": [
              {
                "custom_header": [],
                "expected_status_code_ranges": [],
                "interval_in_seconds": 30,
                "path": "/",
                "port": 80,
                "protocol": "HTTP",
                "timeout_in_seconds": 9,
                "tolerated_number_of_failures": 3
              }
            ],
            "name": "trafficmanager-profile",
            "profile_status": "Enabled",
            "resource_group_name": "rg2",
            "tags": {
              "environment": "Production"
            },
            "timeouts": null,
            "traffic_routing_method": "Weighted",
            "traffic_view_enabled": false
          },
          "sensitive_attributes": [],
          "private": "eyJlMmJmYjczMC1lY2FhLTExZTYtOGY4OC0zNDM2M2JjN2M0YzAiOnsiY3JlYXRlIjoxODAwMDAwMDAwMDAwLCJkZWxldGUiOjE4MDAwMDAwMDAwMDAsInJlYWQiOjMwMDAwMDAwMDAwMCwidXBkYXRlIjoxODAwMDAwMDAwMDAwfX0=",
          "dependencies": [
            "azurerm_resource_group.rg1"
          ]
        }
      ]
    },
    {
      "mode": "managed",
      "type": "azurerm_virtual_network",
      "name": "example",
      "provider": "provider[\"registry.terraform.io/hashicorp/azurerm\"]",
      "instances": [
        {
          "schema_version": 0,
          "attributes": {
            "address_space": [
              "10.254.0.0/16"
            ],
            "bgp_community": "",
            "ddos_protection_plan": [],
            "dns_servers": [],
            "edge_zone": "",
            "encryption": [],
            "flow_timeout_in_minutes": 0,
            "guid": "8f6f717e-9e35-41de-9a54-5c49c6518488",
            "id": "/subscriptions/e5609048-0982-48ec-ba90-1372beb02d39/resourceGroups/rg2/providers/Microsoft.Network/virtualNetworks/example-network",
            "location": "eastus",
            "name": "example-network",
            "resource_group_name": "rg2",
            "subnet": [
              {
                "address_prefix": "10.254.0.0/24",
                "id": "/subscriptions/e5609048-0982-48ec-ba90-1372beb02d39/resourceGroups/rg2/providers/Microsoft.Network/virtualNetworks/example-network/subnets/frontend",
                "name": "frontend",
                "security_group": ""
              },
              {
                "address_prefix": "10.254.1.0/24",
                "id": "/subscriptions/e5609048-0982-48ec-ba90-1372beb02d39/resourceGroups/rg2/providers/Microsoft.Network/virtualNetworks/example-network/subnets/backend",
                "name": "backend",
                "security_group": ""
              }
            ],
            "tags": {},
            "timeouts": null
          },
          "sensitive_attributes": [],
          "private": "eyJlMmJmYjczMC1lY2FhLTExZTYtOGY4OC0zNDM2M2JjN2M0YzAiOnsiY3JlYXRlIjoxODAwMDAwMDAwMDAwLCJkZWxldGUiOjE4MDAwMDAwMDAwMDAsInJlYWQiOjMwMDAwMDAwMDAwMCwidXBkYXRlIjoxODAwMDAwMDAwMDAwfX0=",
          "dependencies": [
            "azurerm_resource_group.rg1"
          ]
        }
      ]
    },
    {
      "mode": "managed",
      "type": "azurerm_windows_virtual_machine_scale_set",
      "name": "example",
      "provider": "provider[\"registry.terraform.io/hashicorp/azurerm\"]",
      "instances": [
        {
          "schema_version": 0,
          "attributes": {
            "additional_capabilities": [],
            "additional_unattend_content": [],
            "admin_password": "P@55w0rd1234!",
            "admin_username": "adminuser",
            "automatic_instance_repair": [
              {
                "enabled": false,
                "grace_period": "PT30M"
              }
            ],
            "automatic_os_upgrade_policy": [],
            "boot_diagnostics": [],
            "capacity_reservation_group_id": "",
            "computer_name_prefix": "vm-",
            "custom_data": null,
            "data_disk": [],
            "do_not_run_extensions_on_overprovisioned_machines": false,
            "edge_zone": "",
            "enable_automatic_updates": true,
            "encryption_at_host_enabled": false,
            "eviction_policy": "",
            "extension": [],
            "extension_operations_enabled": true,
            "extensions_time_budget": "PT1H30M",
            "gallery_application": [],
            "gallery_applications": [],
            "health_probe_id": "",
            "host_group_id": null,
            "id": "/subscriptions/e5609048-0982-48ec-ba90-1372beb02d39/resourceGroups/rg2/providers/Microsoft.Compute/virtualMachineScaleSets/example-vmss",
            "identity": [],
            "instances": 1,
            "license_type": "",
            "location": "eastus",
            "max_bid_price": -1,
            "name": "example-vmss",
            "network_interface": [
              {
                "dns_servers": [],
                "enable_accelerated_networking": false,
                "enable_ip_forwarding": false,
                "ip_configuration": [
                  {
                    "application_gateway_backend_address_pool_ids": [
                      "/subscriptions/e5609048-0982-48ec-ba90-1372beb02d39/resourceGroups/rg2/providers/Microsoft.Network/applicationGateways/example-appgateway/backendAddressPools/example-network-beap"
                    ],
                    "application_security_group_ids": [],
                    "load_balancer_backend_address_pool_ids": [],
                    "load_balancer_inbound_nat_rules_ids": [],
                    "name": "internal",
                    "primary": true,
                    "public_ip_address": [],
                    "subnet_id": "/subscriptions/e5609048-0982-48ec-ba90-1372beb02d39/resourceGroups/rg2/providers/Microsoft.Network/virtualNetworks/example-network/subnets/backend",
                    "version": "IPv4"
                  }
                ],
                "name": "example",
                "network_security_group_id": "",
                "primary": true
              }
            ],
            "os_disk": [
              {
                "caching": "ReadWrite",
                "diff_disk_settings": [],
                "disk_encryption_set_id": "",
                "disk_size_gb": 127,
                "secure_vm_disk_encryption_set_id": "",
                "security_encryption_type": "",
                "storage_account_type": "Standard_LRS",
                "write_accelerator_enabled": false
              }
            ],
            "overprovision": true,
            "plan": [],
            "platform_fault_domain_count": 0,
            "priority": "Regular",
            "provision_vm_agent": true,
            "proximity_placement_group_id": "",
            "resource_group_name": "rg2",
            "rolling_upgrade_policy": [],
            "scale_in": [
              {
                "force_deletion_enabled": false,
                "rule": "Default"
              }
            ],
            "scale_in_policy": "Default",
            "secret": [],
            "secure_boot_enabled": false,
            "single_placement_group": true,
            "sku": "Standard_F2",
            "source_image_id": "",
            "source_image_reference": [
              {
                "offer": "WindowsServer",
                "publisher": "MicrosoftWindowsServer",
                "sku": "2016-Datacenter-Server-Core",
                "version": "latest"
              }
            ],
            "spot_restore": [],
            "tags": {},
            "terminate_notification": [],
            "termination_notification": [],
            "timeouts": null,
            "timezone": "",
            "unique_id": "5dbcd286-585f-424b-915f-66ae232b7c7a",
            "upgrade_mode": "Automatic",
            "user_data": "",
            "vtpm_enabled": false,
            "winrm_listener": [],
            "zone_balance": false,
            "zones": []
          },
          "sensitive_attributes": [],
          "private": "eyJlMmJmYjczMC1lY2FhLTExZTYtOGY4OC0zNDM2M2JjN2M0YzAiOnsiY3JlYXRlIjozNjAwMDAwMDAwMDAwLCJkZWxldGUiOjM2MDAwMDAwMDAwMDAsInJlYWQiOjMwMDAwMDAwMDAwMCwidXBkYXRlIjozNjAwMDAwMDAwMDAwfX0=",
          "dependencies": [
            "azurerm_application_gateway.network",
            "azurerm_public_ip.example",
            "azurerm_resource_group.rg1",
            "azurerm_subnet.backend",
            "azurerm_subnet.frontend",
            "azurerm_virtual_network.example"
          ]
        }
      ]
    }
  ],
  "check_results": null
}
