{
  "version": 4,
  "terraform_version": "1.3.6",
  "serial": 73,
  "lineage": "611580f4-9c9b-6bf5-007a-9cb8a97ae3a4",
  "outputs": {},
  "resources": [
    {
      "mode": "managed",
      "type": "azurerm_lb",
      "name": "example",
      "provider": "provider[\"registry.terraform.io/hashicorp/azurerm\"]",
      "instances": [
        {
          "schema_version": 0,
          "attributes": {
            "edge_zone": "",
            "frontend_ip_configuration": [
              {
                "gateway_load_balancer_frontend_ip_configuration_id": "",
                "id": "/subscriptions/50210a87-6a45-48a7-ad0c-c211333c1110/resourceGroups/rg1/providers/Microsoft.Network/loadBalancers/TestLoadBalancer/frontendIPConfigurations/PublicIPAddress",
                "inbound_nat_rules": [
                  "/subscriptions/50210a87-6a45-48a7-ad0c-c211333c1110/resourceGroups/rg1/providers/Microsoft.Network/loadBalancers/TestLoadBalancer/inboundNatRules/RDPAccess"
                ],
                "load_balancer_rules": [
                  "/subscriptions/50210a87-6a45-48a7-ad0c-c211333c1110/resourceGroups/rg1/providers/Microsoft.Network/loadBalancers/TestLoadBalancer/loadBalancingRules/LBRule"
                ],
                "name": "PublicIPAddress",
                "outbound_rules": [],
                "private_ip_address": "",
                "private_ip_address_allocation": "Dynamic",
                "private_ip_address_version": "",
                "public_ip_address_id": "/subscriptions/50210a87-6a45-48a7-ad0c-c211333c1110/resourceGroups/rg1/providers/Microsoft.Network/publicIPAddresses/PublicIPForLB1",
                "public_ip_prefix_id": "",
                "subnet_id": "",
                "zones": []
              }
            ],
            "id": "/subscriptions/50210a87-6a45-48a7-ad0c-c211333c1110/resourceGroups/rg1/providers/Microsoft.Network/loadBalancers/TestLoadBalancer",
            "location": "westus",
            "name": "TestLoadBalancer",
            "private_ip_address": "",
            "private_ip_addresses": [],
            "resource_group_name": "rg1",
            "sku": "Basic",
            "sku_tier": "Regional",
            "tags": {},
            "timeouts": null
          },
          "sensitive_attributes": [],
          "private": "eyJlMmJmYjczMC1lY2FhLTExZTYtOGY4OC0zNDM2M2JjN2M0YzAiOnsiY3JlYXRlIjoxODAwMDAwMDAwMDAwLCJkZWxldGUiOjE4MDAwMDAwMDAwMDAsInJlYWQiOjMwMDAwMDAwMDAwMCwidXBkYXRlIjoxODAwMDAwMDAwMDAwfX0=",
          "dependencies": [
            "azurerm_public_ip.example",
            "azurerm_resource_group.rg1"
          ]
        }
      ]
    },
    {
      "mode": "managed",
      "type": "azurerm_lb_backend_address_pool",
      "name": "pool",
      "provider": "provider[\"registry.terraform.io/hashicorp/azurerm\"]",
      "instances": [
        {
          "schema_version": 0,
          "attributes": {
            "backend_ip_configurations": [
              "/subscriptions/50210a87-6a45-48a7-ad0c-c211333c1110/resourceGroups/rg1/providers/Microsoft.Network/networkInterfaces/example-nic/ipConfigurations/internal"
            ],
            "id": "/subscriptions/50210a87-6a45-48a7-ad0c-c211333c1110/resourceGroups/rg1/providers/Microsoft.Network/loadBalancers/TestLoadBalancer/backendAddressPools/pool1",
            "inbound_nat_rules": [],
            "load_balancing_rules": [
              "/subscriptions/50210a87-6a45-48a7-ad0c-c211333c1110/resourceGroups/rg1/providers/Microsoft.Network/loadBalancers/TestLoadBalancer/loadBalancingRules/LBRule"
            ],
            "loadbalancer_id": "/subscriptions/50210a87-6a45-48a7-ad0c-c211333c1110/resourceGroups/rg1/providers/Microsoft.Network/loadBalancers/TestLoadBalancer",
            "name": "pool1",
            "outbound_rules": [],
            "timeouts": null,
            "tunnel_interface": [],
            "virtual_network_id": ""
          },
          "sensitive_attributes": [],
          "private": "eyJlMmJmYjczMC1lY2FhLTExZTYtOGY4OC0zNDM2M2JjN2M0YzAiOnsiY3JlYXRlIjoxODAwMDAwMDAwMDAwLCJkZWxldGUiOjE4MDAwMDAwMDAwMDAsInJlYWQiOjMwMDAwMDAwMDAwMCwidXBkYXRlIjoxODAwMDAwMDAwMDAwfX0=",
          "dependencies": [
            "azurerm_lb.example",
            "azurerm_public_ip.example",
            "azurerm_resource_group.rg1"
          ]
        }
      ]
    },
    {
      "mode": "managed",
      "type": "azurerm_lb_nat_rule",
      "name": "example1",
      "provider": "provider[\"registry.terraform.io/hashicorp/azurerm\"]",
      "instances": [
        {
          "schema_version": 0,
          "attributes": {
            "backend_address_pool_id": "/subscriptions/50210a87-6a45-48a7-ad0c-c211333c1110/resourceGroups/rg1/providers/Microsoft.Network/loadBalancers/TestLoadBalancer/backendAddressPools/pool1",
            "backend_ip_configuration_id": "",
            "backend_port": 3389,
            "enable_floating_ip": false,
            "enable_tcp_reset": false,
            "frontend_ip_configuration_id": "/subscriptions/50210a87-6a45-48a7-ad0c-c211333c1110/resourceGroups/rg1/providers/Microsoft.Network/loadBalancers/TestLoadBalancer/frontendIPConfigurations/PublicIPAddress",
            "frontend_ip_configuration_name": "PublicIPAddress",
            "frontend_port": 0,
            "frontend_port_end": 3389,
            "frontend_port_start": 3000,
            "id": "/subscriptions/50210a87-6a45-48a7-ad0c-c211333c1110/resourceGroups/rg1/providers/Microsoft.Network/loadBalancers/TestLoadBalancer/inboundNatRules/RDPAccess2",
            "idle_timeout_in_minutes": 4,
            "loadbalancer_id": "/subscriptions/50210a87-6a45-48a7-ad0c-c211333c1110/resourceGroups/rg1/providers/Microsoft.Network/loadBalancers/TestLoadBalancer",
            "name": "RDPAccess2",
            "protocol": "Tcp",
            "resource_group_name": "rg1",
            "timeouts": null
          },
          "sensitive_attributes": [],
          "private": "eyJlMmJmYjczMC1lY2FhLTExZTYtOGY4OC0zNDM2M2JjN2M0YzAiOnsiY3JlYXRlIjoxODAwMDAwMDAwMDAwLCJkZWxldGUiOjE4MDAwMDAwMDAwMDAsInJlYWQiOjMwMDAwMDAwMDAwMCwidXBkYXRlIjoxODAwMDAwMDAwMDAwfX0=",
          "dependencies": [
            "azurerm_lb.example",
            "azurerm_lb_backend_address_pool.pool",
            "azurerm_resource_group.rg1"
          ]
        }
      ]
    },
    {
      "mode": "managed",
      "type": "azurerm_lb_probe",
      "name": "example",
      "provider": "provider[\"registry.terraform.io/hashicorp/azurerm\"]",
      "instances": [
        {
          "schema_version": 0,
          "attributes": {
            "id": "/subscriptions/50210a87-6a45-48a7-ad0c-c211333c1110/resourceGroups/rg1/providers/Microsoft.Network/loadBalancers/TestLoadBalancer/probes/win-running-probe",
            "interval_in_seconds": 15,
            "load_balancer_rules": [
              "/subscriptions/50210a87-6a45-48a7-ad0c-c211333c1110/resourceGroups/rg1/providers/Microsoft.Network/loadBalancers/TestLoadBalancer/loadBalancingRules/LBRule"
            ],
            "loadbalancer_id": "/subscriptions/50210a87-6a45-48a7-ad0c-c211333c1110/resourceGroups/rg1/providers/Microsoft.Network/loadBalancers/TestLoadBalancer",
            "name": "win-running-probe",
            "number_of_probes": 2,
            "port": 80,
            "probe_threshold": 1,
            "protocol": "Http",
            "request_path": "/",
            "timeouts": null
          },
          "sensitive_attributes": [],
          "private": "eyJlMmJmYjczMC1lY2FhLTExZTYtOGY4OC0zNDM2M2JjN2M0YzAiOnsiY3JlYXRlIjoxODAwMDAwMDAwMDAwLCJkZWxldGUiOjE4MDAwMDAwMDAwMDAsInJlYWQiOjMwMDAwMDAwMDAwMCwidXBkYXRlIjoxODAwMDAwMDAwMDAwfX0=",
          "dependencies": [
            "azurerm_lb.example",
            "azurerm_public_ip.example",
            "azurerm_resource_group.rg1"
          ]
        }
      ]
    },
    {
      "mode": "managed",
      "type": "azurerm_lb_rule",
      "name": "example",
      "provider": "provider[\"registry.terraform.io/hashicorp/azurerm\"]",
      "instances": [
        {
          "schema_version": 0,
          "attributes": {
            "backend_address_pool_ids": [
              "/subscriptions/50210a87-6a45-48a7-ad0c-c211333c1110/resourceGroups/rg1/providers/Microsoft.Network/loadBalancers/TestLoadBalancer/backendAddressPools/pool1"
            ],
            "backend_port": 80,
            "disable_outbound_snat": false,
            "enable_floating_ip": false,
            "enable_tcp_reset": false,
            "frontend_ip_configuration_id": "/subscriptions/50210a87-6a45-48a7-ad0c-c211333c1110/resourceGroups/rg1/providers/Microsoft.Network/loadBalancers/TestLoadBalancer/frontendIPConfigurations/PublicIPAddress",
            "frontend_ip_configuration_name": "PublicIPAddress",
            "frontend_port": 80,
            "id": "/subscriptions/50210a87-6a45-48a7-ad0c-c211333c1110/resourceGroups/rg1/providers/Microsoft.Network/loadBalancers/TestLoadBalancer/loadBalancingRules/LBRule",
            "idle_timeout_in_minutes": 4,
            "load_distribution": "Default",
            "loadbalancer_id": "/subscriptions/50210a87-6a45-48a7-ad0c-c211333c1110/resourceGroups/rg1/providers/Microsoft.Network/loadBalancers/TestLoadBalancer",
            "name": "LBRule",
            "probe_id": "/subscriptions/50210a87-6a45-48a7-ad0c-c211333c1110/resourceGroups/rg1/providers/Microsoft.Network/loadBalancers/TestLoadBalancer/probes/win-running-probe",
            "protocol": "Tcp",
            "timeouts": null
          },
          "sensitive_attributes": [],
          "private": "eyJlMmJmYjczMC1lY2FhLTExZTYtOGY4OC0zNDM2M2JjN2M0YzAiOnsiY3JlYXRlIjoxODAwMDAwMDAwMDAwLCJkZWxldGUiOjE4MDAwMDAwMDAwMDAsInJlYWQiOjMwMDAwMDAwMDAwMCwidXBkYXRlIjoxODAwMDAwMDAwMDAwfX0=",
          "dependencies": [
            "azurerm_lb.example",
            "azurerm_lb_backend_address_pool.pool",
            "azurerm_lb_probe.example",
            "azurerm_public_ip.example",
            "azurerm_resource_group.rg1"
          ]
        }
      ]
    },
    {
      "mode": "managed",
      "type": "azurerm_log_analytics_solution",
      "name": "example",
      "provider": "provider[\"registry.terraform.io/hashicorp/azurerm\"]",
      "instances": [
        {
          "schema_version": 1,
          "attributes": {
            "id": "/subscriptions/50210a87-6a45-48a7-ad0c-c211333c1110/resourceGroups/rg1/providers/Microsoft.OperationsManagement/solutions/VMInsights(workspace-01-msobzn)",
            "location": "westus",
            "plan": [
              {
                "name": "VMInsights(workspace-01-msobzn)",
                "product": "OMSGallery/VMInsights",
                "promotion_code": "",
                "publisher": "Microsoft"
              }
            ],
            "resource_group_name": "rg1",
            "solution_name": "VMInsights",
            "tags": {},
            "timeouts": null,
            "workspace_name": "workspace-01-msobzn",
            "workspace_resource_id": "/subscriptions/50210a87-6a45-48a7-ad0c-c211333c1110/resourceGroups/rg1/providers/Microsoft.OperationalInsights/workspaces/workspace-01-msobzn"
          },
          "sensitive_attributes": [],
          "private": "eyJlMmJmYjczMC1lY2FhLTExZTYtOGY4OC0zNDM2M2JjN2M0YzAiOnsiY3JlYXRlIjoxODAwMDAwMDAwMDAwLCJkZWxldGUiOjE4MDAwMDAwMDAwMDAsInJlYWQiOjMwMDAwMDAwMDAwMCwidXBkYXRlIjoxODAwMDAwMDAwMDAwfSwic2NoZW1hX3ZlcnNpb24iOiIxIn0=",
          "dependencies": [
            "azurerm_log_analytics_workspace.example",
            "azurerm_resource_group.rg1",
            "random_string.random"
          ]
        }
      ]
    },
    {
      "mode": "managed",
      "type": "azurerm_log_analytics_workspace",
      "name": "example",
      "provider": "provider[\"registry.terraform.io/hashicorp/azurerm\"]",
      "instances": [
        {
          "schema_version": 3,
          "attributes": {
            "allow_resource_only_permissions": true,
            "cmk_for_query_forced": false,
            "daily_quota_gb": -1,
            "data_collection_rule_id": "",
            "id": "/subscriptions/50210a87-6a45-48a7-ad0c-c211333c1110/resourceGroups/rg1/providers/Microsoft.OperationalInsights/workspaces/workspace-01-msobzn",
            "identity": [],
            "internet_ingestion_enabled": true,
            "internet_query_enabled": false,
            "local_authentication_disabled": false,
            "location": "westus",
            "name": "workspace-01-msobzn",
            "primary_shared_key": "0eUPvo8M+BojEn+pOPQ1/V40mn8trfC/mjTzkrrLxWKSN+M27JR7fB1vxG1q3Wi9z+0F2S+tOYTRZedJW7d0IA==",
            "reservation_capacity_in_gb_per_day": null,
            "resource_group_name": "rg1",
            "retention_in_days": 30,
            "secondary_shared_key": "yF3ZvOwqGw7pBfe7BlyBgzTsoREacopb3whPcIn+SQf5SC3ii1GtwtTq97chPvRPh3WYmDusUAQOD8JmN3+2aw==",
            "sku": "PerGB2018",
            "tags": {},
            "timeouts": null,
            "workspace_id": "0c0b837d-2da7-4ef9-afe8-a0aac4dc66f8"
          },
          "sensitive_attributes": [],
          "private": "eyJlMmJmYjczMC1lY2FhLTExZTYtOGY4OC0zNDM2M2JjN2M0YzAiOnsiY3JlYXRlIjoxODAwMDAwMDAwMDAwLCJkZWxldGUiOjE4MDAwMDAwMDAwMDAsInJlYWQiOjMwMDAwMDAwMDAwMCwidXBkYXRlIjoxODAwMDAwMDAwMDAwfSwic2NoZW1hX3ZlcnNpb24iOiIzIn0=",
          "dependencies": [
            "azurerm_resource_group.rg1",
            "random_string.random"
          ]
        }
      ]
    },
    {
      "mode": "managed",
      "type": "azurerm_network_interface",
      "name": "example",
      "provider": "provider[\"registry.terraform.io/hashicorp/azurerm\"]",
      "instances": [
        {
          "schema_version": 0,
          "attributes": {
            "applied_dns_servers": [],
            "auxiliary_mode": "",
            "auxiliary_sku": "",
            "dns_servers": [],
            "edge_zone": "",
            "enable_accelerated_networking": false,
            "enable_ip_forwarding": false,
            "id": "/subscriptions/50210a87-6a45-48a7-ad0c-c211333c1110/resourceGroups/rg1/providers/Microsoft.Network/networkInterfaces/example-nic",
            "internal_dns_name_label": "",
            "internal_domain_name_suffix": "rfdze2yewyke3ibottkzdbh5rf.dx.internal.cloudapp.net",
            "ip_configuration": [
              {
                "gateway_load_balancer_frontend_ip_configuration_id": "",
                "name": "internal",
                "primary": true,
                "private_ip_address": "10.0.2.4",
                "private_ip_address_allocation": "Dynamic",
                "private_ip_address_version": "IPv4",
                "public_ip_address_id": "/subscriptions/50210a87-6a45-48a7-ad0c-c211333c1110/resourceGroups/rg1/providers/Microsoft.Network/publicIPAddresses/PublicIPForVm",
                "subnet_id": "/subscriptions/50210a87-6a45-48a7-ad0c-c211333c1110/resourceGroups/rg1/providers/Microsoft.Network/virtualNetworks/example-network/subnets/internal"
              }
            ],
            "location": "westus",
            "mac_address": "60-45-BD-02-E6-46",
            "name": "example-nic",
            "private_ip_address": "10.0.2.4",
            "private_ip_addresses": [
              "10.0.2.4"
            ],
            "resource_group_name": "rg1",
            "tags": {},
            "timeouts": null,
            "virtual_machine_id": "/subscriptions/50210a87-6a45-48a7-ad0c-c211333c1110/resourceGroups/rg1/providers/Microsoft.Compute/virtualMachines/example-machine"
          },
          "sensitive_attributes": [],
          "private": "eyJlMmJmYjczMC1lY2FhLTExZTYtOGY4OC0zNDM2M2JjN2M0YzAiOnsiY3JlYXRlIjoxODAwMDAwMDAwMDAwLCJkZWxldGUiOjE4MDAwMDAwMDAwMDAsInJlYWQiOjMwMDAwMDAwMDAwMCwidXBkYXRlIjoxODAwMDAwMDAwMDAwfX0=",
          "dependencies": [
            "azurerm_public_ip.example1",
            "azurerm_resource_group.rg1",
            "azurerm_subnet.example",
            "azurerm_virtual_network.example"
          ]
        }
      ]
    },
    {
      "mode": "managed",
      "type": "azurerm_network_interface_backend_address_pool_association",
      "name": "web_nic_lb_associate",
      "provider": "provider[\"registry.terraform.io/hashicorp/azurerm\"]",
      "instances": [
        {
          "schema_version": 0,
          "attributes": {
            "backend_address_pool_id": "/subscriptions/50210a87-6a45-48a7-ad0c-c211333c1110/resourceGroups/rg1/providers/Microsoft.Network/loadBalancers/TestLoadBalancer/backendAddressPools/pool1",
            "id": "/subscriptions/50210a87-6a45-48a7-ad0c-c211333c1110/resourceGroups/rg1/providers/Microsoft.Network/networkInterfaces/example-nic/ipConfigurations/internal|/subscriptions/50210a87-6a45-48a7-ad0c-c211333c1110/resourceGroups/rg1/providers/Microsoft.Network/loadBalancers/TestLoadBalancer/backendAddressPools/pool1",
            "ip_configuration_name": "internal",
            "network_interface_id": "/subscriptions/50210a87-6a45-48a7-ad0c-c211333c1110/resourceGroups/rg1/providers/Microsoft.Network/networkInterfaces/example-nic",
            "timeouts": null
          },
          "sensitive_attributes": [],
          "private": "eyJlMmJmYjczMC1lY2FhLTExZTYtOGY4OC0zNDM2M2JjN2M0YzAiOnsiY3JlYXRlIjoxODAwMDAwMDAwMDAwLCJkZWxldGUiOjE4MDAwMDAwMDAwMDAsInJlYWQiOjMwMDAwMDAwMDAwMH19",
          "dependencies": [
            "azurerm_lb.example",
            "azurerm_lb_backend_address_pool.pool",
            "azurerm_network_interface.example",
            "azurerm_public_ip.example",
            "azurerm_public_ip.example1",
            "azurerm_resource_group.rg1",
            "azurerm_subnet.example",
            "azurerm_virtual_network.example"
          ]
        }
      ]
    },
    {
      "mode": "managed",
      "type": "azurerm_network_security_group",
      "name": "web_linuxvm_nsg",
      "provider": "provider[\"registry.terraform.io/hashicorp/azurerm\"]",
      "instances": [
        {
          "schema_version": 0,
          "attributes": {
            "id": "/subscriptions/50210a87-6a45-48a7-ad0c-c211333c1110/resourceGroups/rg1/providers/Microsoft.Network/networkSecurityGroups/example-nic-nsg",
            "location": "westus",
            "name": "example-nic-nsg",
            "resource_group_name": "rg1",
            "security_rule": [
              {
                "access": "Allow",
                "description": "",
                "destination_address_prefix": "*",
                "destination_address_prefixes": [],
                "destination_application_security_group_ids": [],
                "destination_port_range": "3389",
                "destination_port_ranges": [],
                "direction": "Inbound",
                "name": "Rule-Port-3389",
                "priority": 110,
                "protocol": "Tcp",
                "source_address_prefix": "*",
                "source_address_prefixes": [],
                "source_application_security_group_ids": [],
                "source_port_range": "*",
                "source_port_ranges": []
              },
              {
                "access": "Allow",
                "description": "",
                "destination_address_prefix": "*",
                "destination_address_prefixes": [],
                "destination_application_security_group_ids": [],
                "destination_port_range": "80",
                "destination_port_ranges": [],
                "direction": "Inbound",
                "name": "Rule-Port-80",
                "priority": 100,
                "protocol": "Tcp",
                "source_address_prefix": "*",
                "source_address_prefixes": [],
                "source_application_security_group_ids": [],
                "source_port_range": "*",
                "source_port_ranges": []
              }
            ],
            "tags": {},
            "timeouts": null
          },
          "sensitive_attributes": [],
          "private": "eyJlMmJmYjczMC1lY2FhLTExZTYtOGY4OC0zNDM2M2JjN2M0YzAiOnsiY3JlYXRlIjoxODAwMDAwMDAwMDAwLCJkZWxldGUiOjE4MDAwMDAwMDAwMDAsInJlYWQiOjMwMDAwMDAwMDAwMCwidXBkYXRlIjoxODAwMDAwMDAwMDAwfX0=",
          "dependencies": [
            "azurerm_network_interface.example",
            "azurerm_public_ip.example1",
            "azurerm_resource_group.rg1",
            "azurerm_subnet.example",
            "azurerm_virtual_network.example"
          ]
        }
      ]
    },
    {
      "mode": "managed",
      "type": "azurerm_network_security_rule",
      "name": "web_vmnic_nsg_rule_inbound",
      "provider": "provider[\"registry.terraform.io/hashicorp/azurerm\"]",
      "instances": [
        {
          "index_key": "100",
          "schema_version": 0,
          "attributes": {
            "access": "Allow",
            "description": "",
            "destination_address_prefix": "*",
            "destination_address_prefixes": [],
            "destination_application_security_group_ids": [],
            "destination_port_range": "80",
            "destination_port_ranges": [],
            "direction": "Inbound",
            "id": "/subscriptions/50210a87-6a45-48a7-ad0c-c211333c1110/resourceGroups/rg1/providers/Microsoft.Network/networkSecurityGroups/example-nic-nsg/securityRules/Rule-Port-80",
            "name": "Rule-Port-80",
            "network_security_group_name": "example-nic-nsg",
            "priority": 100,
            "protocol": "Tcp",
            "resource_group_name": "rg1",
            "source_address_prefix": "*",
            "source_address_prefixes": [],
            "source_application_security_group_ids": [],
            "source_port_range": "*",
            "source_port_ranges": [],
            "timeouts": null
          },
          "sensitive_attributes": [],
          "private": "eyJlMmJmYjczMC1lY2FhLTExZTYtOGY4OC0zNDM2M2JjN2M0YzAiOnsiY3JlYXRlIjoxODAwMDAwMDAwMDAwLCJkZWxldGUiOjE4MDAwMDAwMDAwMDAsInJlYWQiOjMwMDAwMDAwMDAwMCwidXBkYXRlIjoxODAwMDAwMDAwMDAwfX0=",
          "dependencies": [
            "azurerm_network_interface.example",
            "azurerm_network_security_group.web_linuxvm_nsg",
            "azurerm_public_ip.example1",
            "azurerm_resource_group.rg1",
            "azurerm_subnet.example",
            "azurerm_virtual_network.example"
          ]
        },
        {
          "index_key": "110",
          "schema_version": 0,
          "attributes": {
            "access": "Allow",
            "description": "",
            "destination_address_prefix": "*",
            "destination_address_prefixes": [],
            "destination_application_security_group_ids": [],
            "destination_port_range": "3389",
            "destination_port_ranges": [],
            "direction": "Inbound",
            "id": "/subscriptions/50210a87-6a45-48a7-ad0c-c211333c1110/resourceGroups/rg1/providers/Microsoft.Network/networkSecurityGroups/example-nic-nsg/securityRules/Rule-Port-3389",
            "name": "Rule-Port-3389",
            "network_security_group_name": "example-nic-nsg",
            "priority": 110,
            "protocol": "Tcp",
            "resource_group_name": "rg1",
            "source_address_prefix": "*",
            "source_address_prefixes": [],
            "source_application_security_group_ids": [],
            "source_port_range": "*",
            "source_port_ranges": [],
            "timeouts": null
          },
          "sensitive_attributes": [],
          "private": "eyJlMmJmYjczMC1lY2FhLTExZTYtOGY4OC0zNDM2M2JjN2M0YzAiOnsiY3JlYXRlIjoxODAwMDAwMDAwMDAwLCJkZWxldGUiOjE4MDAwMDAwMDAwMDAsInJlYWQiOjMwMDAwMDAwMDAwMCwidXBkYXRlIjoxODAwMDAwMDAwMDAwfX0=",
          "dependencies": [
            "azurerm_network_interface.example",
            "azurerm_network_security_group.web_linuxvm_nsg",
            "azurerm_public_ip.example1",
            "azurerm_resource_group.rg1",
            "azurerm_subnet.example",
            "azurerm_virtual_network.example"
          ]
        }
      ]
    },
    {
      "mode": "managed",
      "type": "azurerm_public_ip",
      "name": "example",
      "provider": "provider[\"registry.terraform.io/hashicorp/azurerm\"]",
      "instances": [
        {
          "schema_version": 0,
          "attributes": {
            "allocation_method": "Static",
            "ddos_protection_mode": "VirtualNetworkInherited",
            "ddos_protection_plan_id": null,
            "domain_name_label": null,
            "edge_zone": "",
            "fqdn": null,
            "id": "/subscriptions/50210a87-6a45-48a7-ad0c-c211333c1110/resourceGroups/rg1/providers/Microsoft.Network/publicIPAddresses/PublicIPForLB1",
            "idle_timeout_in_minutes": 4,
            "ip_address": "104.42.218.254",
            "ip_tags": {},
            "ip_version": "IPv4",
            "location": "westus",
            "name": "PublicIPForLB1",
            "public_ip_prefix_id": null,
            "resource_group_name": "rg1",
            "reverse_fqdn": null,
            "sku": "Basic",
            "sku_tier": "Regional",
            "tags": {},
            "timeouts": null,
            "zones": []
          },
          "sensitive_attributes": [],
          "private": "eyJlMmJmYjczMC1lY2FhLTExZTYtOGY4OC0zNDM2M2JjN2M0YzAiOnsiY3JlYXRlIjoxODAwMDAwMDAwMDAwLCJkZWxldGUiOjE4MDAwMDAwMDAwMDAsInJlYWQiOjMwMDAwMDAwMDAwMCwidXBkYXRlIjoxODAwMDAwMDAwMDAwfX0=",
          "dependencies": [
            "azurerm_resource_group.rg1"
          ]
        }
      ]
    },
    {
      "mode": "managed",
      "type": "azurerm_public_ip",
      "name": "example1",
      "provider": "provider[\"registry.terraform.io/hashicorp/azurerm\"]",
      "instances": [
        {
          "schema_version": 0,
          "attributes": {
            "allocation_method": "Static",
            "ddos_protection_mode": "VirtualNetworkInherited",
            "ddos_protection_plan_id": null,
            "domain_name_label": null,
            "edge_zone": "",
            "fqdn": null,
            "id": "/subscriptions/50210a87-6a45-48a7-ad0c-c211333c1110/resourceGroups/rg1/providers/Microsoft.Network/publicIPAddresses/PublicIPForVm",
            "idle_timeout_in_minutes": 4,
            "ip_address": "104.42.113.56",
            "ip_tags": {},
            "ip_version": "IPv4",
            "location": "westus",
            "name": "PublicIPForVm",
            "public_ip_prefix_id": null,
            "resource_group_name": "rg1",
            "reverse_fqdn": null,
            "sku": "Basic",
            "sku_tier": "Regional",
            "tags": {},
            "timeouts": null,
            "zones": []
          },
          "sensitive_attributes": [],
          "private": "eyJlMmJmYjczMC1lY2FhLTExZTYtOGY4OC0zNDM2M2JjN2M0YzAiOnsiY3JlYXRlIjoxODAwMDAwMDAwMDAwLCJkZWxldGUiOjE4MDAwMDAwMDAwMDAsInJlYWQiOjMwMDAwMDAwMDAwMCwidXBkYXRlIjoxODAwMDAwMDAwMDAwfX0=",
          "dependencies": [
            "azurerm_resource_group.rg1"
          ]
        }
      ]
    },
    {
      "mode": "managed",
      "type": "azurerm_resource_group",
      "name": "rg1",
      "provider": "provider[\"registry.terraform.io/hashicorp/azurerm\"]",
      "instances": [
        {
          "schema_version": 0,
          "attributes": {
            "id": "/subscriptions/50210a87-6a45-48a7-ad0c-c211333c1110/resourceGroups/rg1",
            "location": "westus",
            "managed_by": "",
            "name": "rg1",
            "tags": {},
            "timeouts": null
          },
          "sensitive_attributes": [],
          "private": "eyJlMmJmYjczMC1lY2FhLTExZTYtOGY4OC0zNDM2M2JjN2M0YzAiOnsiY3JlYXRlIjo1NDAwMDAwMDAwMDAwLCJkZWxldGUiOjU0MDAwMDAwMDAwMDAsInJlYWQiOjMwMDAwMDAwMDAwMCwidXBkYXRlIjo1NDAwMDAwMDAwMDAwfX0="
        }
      ]
    },
    {
      "mode": "managed",
      "type": "azurerm_subnet",
      "name": "example",
      "provider": "provider[\"registry.terraform.io/hashicorp/azurerm\"]",
      "instances": [
        {
          "schema_version": 0,
          "attributes": {
            "address_prefixes": [
              "10.0.2.0/24"
            ],
            "delegation": [],
            "enforce_private_link_endpoint_network_policies": false,
            "enforce_private_link_service_network_policies": false,
            "id": "/subscriptions/50210a87-6a45-48a7-ad0c-c211333c1110/resourceGroups/rg1/providers/Microsoft.Network/virtualNetworks/example-network/subnets/internal",
            "name": "internal",
            "private_endpoint_network_policies_enabled": true,
            "private_link_service_network_policies_enabled": true,
            "resource_group_name": "rg1",
            "service_endpoint_policy_ids": [],
            "service_endpoints": [],
            "timeouts": null,
            "virtual_network_name": "example-network"
          },
          "sensitive_attributes": [],
          "private": "eyJlMmJmYjczMC1lY2FhLTExZTYtOGY4OC0zNDM2M2JjN2M0YzAiOnsiY3JlYXRlIjoxODAwMDAwMDAwMDAwLCJkZWxldGUiOjE4MDAwMDAwMDAwMDAsInJlYWQiOjMwMDAwMDAwMDAwMCwidXBkYXRlIjoxODAwMDAwMDAwMDAwfX0=",
          "dependencies": [
            "azurerm_resource_group.rg1",
            "azurerm_virtual_network.example"
          ]
        }
      ]
    },
    {
      "mode": "managed",
      "type": "azurerm_subnet_network_security_group_association",
      "name": "web_linuxvm_nic_nsg_association",
      "provider": "provider[\"registry.terraform.io/hashicorp/azurerm\"]",
      "instances": [
        {
          "schema_version": 0,
          "attributes": {
            "id": "/subscriptions/50210a87-6a45-48a7-ad0c-c211333c1110/resourceGroups/rg1/providers/Microsoft.Network/virtualNetworks/example-network/subnets/internal",
            "network_security_group_id": "/subscriptions/50210a87-6a45-48a7-ad0c-c211333c1110/resourceGroups/rg1/providers/Microsoft.Network/networkSecurityGroups/example-nic-nsg",
            "subnet_id": "/subscriptions/50210a87-6a45-48a7-ad0c-c211333c1110/resourceGroups/rg1/providers/Microsoft.Network/virtualNetworks/example-network/subnets/internal",
            "timeouts": null
          },
          "sensitive_attributes": [],
          "private": "eyJlMmJmYjczMC1lY2FhLTExZTYtOGY4OC0zNDM2M2JjN2M0YzAiOnsiY3JlYXRlIjoxODAwMDAwMDAwMDAwLCJkZWxldGUiOjE4MDAwMDAwMDAwMDAsInJlYWQiOjMwMDAwMDAwMDAwMH19",
          "dependencies": [
            "azurerm_network_interface.example",
            "azurerm_network_security_group.web_linuxvm_nsg",
            "azurerm_public_ip.example1",
            "azurerm_resource_group.rg1",
            "azurerm_subnet.example",
            "azurerm_virtual_network.example"
          ]
        }
      ]
    },
    {
      "mode": "managed",
      "type": "azurerm_virtual_network",
      "name": "example",
      "provider": "provider[\"registry.terraform.io/hashicorp/azurerm\"]",
      "instances": [
        {
          "schema_version": 0,
          "attributes": {
            "address_space": [
              "10.0.0.0/16"
            ],
            "bgp_community": "",
            "ddos_protection_plan": [],
            "dns_servers": [],
            "edge_zone": "",
            "encryption": [],
            "flow_timeout_in_minutes": 0,
            "guid": "73924789-b604-4e14-a02e-9cd59184ff8d",
            "id": "/subscriptions/50210a87-6a45-48a7-ad0c-c211333c1110/resourceGroups/rg1/providers/Microsoft.Network/virtualNetworks/example-network",
            "location": "westus",
            "name": "example-network",
            "resource_group_name": "rg1",
            "subnet": [
              {
                "address_prefix": "10.0.2.0/24",
                "id": "/subscriptions/50210a87-6a45-48a7-ad0c-c211333c1110/resourceGroups/rg1/providers/Microsoft.Network/virtualNetworks/example-network/subnets/internal",
                "name": "internal",
                "security_group": "/subscriptions/50210a87-6a45-48a7-ad0c-c211333c1110/resourceGroups/rg1/providers/Microsoft.Network/networkSecurityGroups/example-nic-nsg"
              }
            ],
            "tags": {},
            "timeouts": null
          },
          "sensitive_attributes": [],
          "private": "eyJlMmJmYjczMC1lY2FhLTExZTYtOGY4OC0zNDM2M2JjN2M0YzAiOnsiY3JlYXRlIjoxODAwMDAwMDAwMDAwLCJkZWxldGUiOjE4MDAwMDAwMDAwMDAsInJlYWQiOjMwMDAwMDAwMDAwMCwidXBkYXRlIjoxODAwMDAwMDAwMDAwfX0=",
          "dependencies": [
            "azurerm_resource_group.rg1"
          ]
        }
      ]
    },
    {
      "mode": "managed",
      "type": "azurerm_windows_virtual_machine",
      "name": "example",
      "provider": "provider[\"registry.terraform.io/hashicorp/azurerm\"]",
      "instances": [
        {
          "schema_version": 0,
          "attributes": {
            "additional_capabilities": [],
            "additional_unattend_content": [],
            "admin_password": "Prashanthi@1234",
            "admin_username": "prashanthi",
            "allow_extension_operations": true,
            "availability_set_id": "",
            "boot_diagnostics": [],
            "bypass_platform_safety_checks_on_user_schedule_enabled": false,
            "capacity_reservation_group_id": "",
            "computer_name": "example-machine",
            "custom_data": "PHBvd2Vyc2hlbGw+DQpJbnN0YWxsLVdpbmRvd3NGZWF0dXJlIC1OYW1lIFdlYi1TZXJ2ZXIgLUluY2x1ZGVNYW5hZ2VtZW50VG9vbHMNCkFkZC1Db250ZW50IC1QYXRoIEM6XGluZXRwdWJcd3d3cm9vdFxpbmRleC5odG1sIC1WYWx1ZSBAIg0KPCFET0NUWVBFIGh0bWw+DQo8aHRtbD4NCjxoZWFkPg0KICAgIDx0aXRsZT5IZWxsbywgQXp1cmUgSUlTITwvdGl0bGU+DQo8L2hlYWQ+DQo8Ym9keT4NCiAgICA8aDE+SGVsbG8sIEF6dXJlIElJUyE8L2gxPg0KICAgIDxwPlRoaXMgaXMgYSBzaW1wbGUgSFRNTCBwYWdlIHNlcnZlZCBieSBJSVMgb24gQXp1cmUgVk0uPC9wPg0KPC9ib2R5Pg0KPC9odG1sPg0KIkANCjwvcG93ZXJzaGVsbD4NCg==",
            "dedicated_host_group_id": "",
            "dedicated_host_id": "",
            "edge_zone": "",
            "enable_automatic_updates": true,
            "encryption_at_host_enabled": false,
            "eviction_policy": "",
            "extensions_time_budget": "PT1H30M",
            "gallery_application": [],
            "hotpatching_enabled": false,
            "id": "/subscriptions/50210a87-6a45-48a7-ad0c-c211333c1110/resourceGroups/rg1/providers/Microsoft.Compute/virtualMachines/example-machine",
            "identity": [],
            "license_type": "",
            "location": "westus",
            "max_bid_price": -1,
            "name": "example-machine",
            "network_interface_ids": [
              "/subscriptions/50210a87-6a45-48a7-ad0c-c211333c1110/resourceGroups/rg1/providers/Microsoft.Network/networkInterfaces/example-nic"
            ],
            "os_disk": [
              {
                "caching": "ReadWrite",
                "diff_disk_settings": [],
                "disk_encryption_set_id": "",
                "disk_size_gb": 127,
                "name": "example-machine_OsDisk_1_cd877cbd17ce4ef88c76cd1fcca5d20a",
                "secure_vm_disk_encryption_set_id": "",
                "security_encryption_type": "",
                "storage_account_type": "Standard_LRS",
                "write_accelerator_enabled": false
              }
            ],
            "patch_assessment_mode": "ImageDefault",
            "patch_mode": "AutomaticByOS",
            "plan": [],
            "platform_fault_domain": -1,
            "priority": "Regular",
            "private_ip_address": "10.0.2.4",
            "private_ip_addresses": [
              "10.0.2.4"
            ],
            "provision_vm_agent": true,
            "proximity_placement_group_id": "",
            "public_ip_address": "104.42.113.56",
            "public_ip_addresses": [
              "104.42.113.56"
            ],
            "reboot_setting": "",
            "resource_group_name": "rg1",
            "secret": [],
            "secure_boot_enabled": false,
            "size": "Standard_F2",
            "source_image_id": "",
            "source_image_reference": [
              {
                "offer": "WindowsServer",
                "publisher": "MicrosoftWindowsServer",
                "sku": "2016-Datacenter",
                "version": "latest"
              }
            ],
            "tags": {
              "environment": "production"
            },
            "termination_notification": [],
            "timeouts": null,
            "timezone": "",
            "user_data": "",
            "virtual_machine_id": "7d31c419-2c76-4ece-9f8f-fe49ca024541",
            "virtual_machine_scale_set_id": "",
            "vtpm_enabled": false,
            "winrm_listener": [],
            "zone": ""
          },
          "sensitive_attributes": [],
          "private": "eyJlMmJmYjczMC1lY2FhLTExZTYtOGY4OC0zNDM2M2JjN2M0YzAiOnsiY3JlYXRlIjoyNzAwMDAwMDAwMDAwLCJkZWxldGUiOjI3MDAwMDAwMDAwMDAsInJlYWQiOjMwMDAwMDAwMDAwMCwidXBkYXRlIjoyNzAwMDAwMDAwMDAwfX0=",
          "dependencies": [
            "azurerm_network_interface.example",
            "azurerm_public_ip.example1",
            "azurerm_resource_group.rg1",
            "azurerm_subnet.example",
            "azurerm_virtual_network.example"
          ]
        }
      ]
    },
    {
      "mode": "managed",
      "type": "random_string",
      "name": "random",
      "provider": "provider[\"registry.terraform.io/hashicorp/random\"]",
      "instances": [
        {
          "schema_version": 2,
          "attributes": {
            "id": "msobzn",
            "keepers": null,
            "length": 6,
            "lower": true,
            "min_lower": 0,
            "min_numeric": 0,
            "min_special": 0,
            "min_upper": 0,
            "number": false,
            "numeric": false,
            "override_special": null,
            "result": "msobzn",
            "special": false,
            "upper": false
          },
          "sensitive_attributes": []
        }
      ]
    }
  ],
  "check_results": null
}
